
Microsoft Visual Studio Solution File, Format Version 12.00
# Visual Studio Version 16
VisualStudioVersion = 16.0.30611.23
MinimumVisualStudioVersion = 10.0.40219.1
Project("{FAE04EC0-301F-11D3-BF4B-00C04F79EFBC}") = "WebAPI", "WebAPI.csproj", "{61C3AC65-A705-4543-9728-69B865DF6687}"
EndProject
Global
	GlobalSection(SolutionConfigurationPlatforms) = preSolution
		Debug|Any CPU = Debug|Any CPU
		Release|Any CPU = Release|Any CPU
	EndGlobalSection
	GlobalSection(ProjectConfigurationPlatforms) = postSolution
		{61C3AC65-A705-4543-9728-69B865DF6687}.Debug|Any CPU.ActiveCfg = Debug|Any CPU
		{61C3AC65-A705-4543-9728-69B865DF6687}.Debug|Any CPU.Build.0 = Debug|Any CPU
		{61C3AC65-A705-4543-9728-69B865DF6687}.Release|Any CPU.ActiveCfg = Release|Any CPU
		{61C3AC65-A705-4543-9728-69B865DF6687}.Release|Any CPU.Build.0 = Release|Any CPU
	EndGlobalSection
	GlobalSection(SolutionProperties) = preSolution
		HideSolutionNode = FALSE
	EndGlobalSection
	GlobalSection(ExtensibilityGlobals) = postSolution
		SolutionGuid = {04E8E79C-0A63-4B0C-B8B1-A4C2C37C5A4E}
	EndGlobalSection
EndGlobal
